// !$*UTF8*$!
{
	archiveVersion = 1;
	classes = {
	};
	objectVersion = 46;
	objects = {

/* Begin PBXBuildFile section */
		9153874E1D2206D6009C4FE3 /* 40fe711f9b754b596159f3a6.jpg in Resources */ = {isa = PBXBuildFile; fileRef = 9153874D1D2206D6009C4FE3 /* 40fe711f9b754b596159f3a6.jpg */; };
		91E436661D21006D008CF27A /* AppDelegate.swift in Sources */ = {isa = PBXBuildFile; fileRef = 91E436651D21006D008CF27A /* AppDelegate.swift */; };
		91E436681D21006D008CF27A /* ViewController.swift in Sources */ = {isa = PBXBuildFile; fileRef = 91E436671D21006D008CF27A /* ViewController.swift */; };
		91E4366B1D21006D008CF27A /* Main.storyboard in Resources */ = {isa = PBXBuildFile; fileRef = 91E436691D21006D008CF27A /* Main.storyboard */; };
		91E4366E1D21006D008CF27A /* CartDemo_Swift.xcdatamodeld in Sources */ = {isa = PBXBuildFile; fileRef = 91E4366C1D21006D008CF27A /* CartDemo_Swift.xcdatamodeld */; };
		91E436701D21006D008CF27A /* Assets.xcassets in Resources */ = {isa = PBXBuildFile; fileRef = 91E4366F1D21006D008CF27A /* Assets.xcassets */; };
		91E436731D21006D008CF27A /* LaunchScreen.storyboard in Resources */ = {isa = PBXBuildFile; fileRef = 91E436711D21006D008CF27A /* LaunchScreen.storyboard */; };
		91E4367E1D21006D008CF27A /* CartDemo_SwiftTests.swift in Sources */ = {isa = PBXBuildFile; fileRef = 91E4367D1D21006D008CF27A /* CartDemo_SwiftTests.swift */; };
		91E436891D21006D008CF27A /* CartDemo_SwiftUITests.swift in Sources */ = {isa = PBXBuildFile; fileRef = 91E436881D21006D008CF27A /* CartDemo_SwiftUITests.swift */; };
		91E436981D21021B008CF27A /* LZCartViewController.swift in Sources */ = {isa = PBXBuildFile; fileRef = 91E436971D21021B008CF27A /* LZCartViewController.swift */; };
		91E4369C1D210A1E008CF27A /* LZConfigFile.swift in Sources */ = {isa = PBXBuildFile; fileRef = 91E4369B1D210A1E008CF27A /* LZConfigFile.swift */; };
		91E436A61D210E4A008CF27A /* back_button@2x.png in Resources */ = {isa = PBXBuildFile; fileRef = 91E4369E1D210E4A008CF27A /* back_button@2x.png */; };
		91E436A71D210E4A008CF27A /* cart_addBtn_highlight@2x.png in Resources */ = {isa = PBXBuildFile; fileRef = 91E4369F1D210E4A008CF27A /* cart_addBtn_highlight@2x.png */; };
		91E436A81D210E4A008CF27A /* cart_addBtn_nomal@2x.png in Resources */ = {isa = PBXBuildFile; fileRef = 91E436A01D210E4A008CF27A /* cart_addBtn_nomal@2x.png */; };
		91E436A91D210E4A008CF27A /* cart_cutBtn_highlight@2x.png in Resources */ = {isa = PBXBuildFile; fileRef = 91E436A11D210E4A008CF27A /* cart_cutBtn_highlight@2x.png */; };
		91E436AA1D210E4A008CF27A /* cart_cutBtn_nomal@2x.png in Resources */ = {isa = PBXBuildFile; fileRef = 91E436A21D210E4A008CF27A /* cart_cutBtn_nomal@2x.png */; };
		91E436AB1D210E4A008CF27A /* cart_default_bg.png in Resources */ = {isa = PBXBuildFile; fileRef = 91E436A31D210E4A008CF27A /* cart_default_bg.png */; };
		91E436AC1D210E4A008CF27A /* cart_selected_btn@2x.png in Resources */ = {isa = PBXBuildFile; fileRef = 91E436A41D210E4A008CF27A /* cart_selected_btn@2x.png */; };
		91E436AD1D210E4A008CF27A /* cart_unSelect_btn@2x.png in Resources */ = {isa = PBXBuildFile; fileRef = 91E436A51D210E4A008CF27A /* cart_unSelect_btn@2x.png */; };
		91E436BD1D2110FF008CF27A /* Constraint.swift in Sources */ = {isa = PBXBuildFile; fileRef = 91E436AF1D2110FF008CF27A /* Constraint.swift */; };
		91E436BE1D2110FF008CF27A /* ConstraintAttributes.swift in Sources */ = {isa = PBXBuildFile; fileRef = 91E436B01D2110FF008CF27A /* ConstraintAttributes.swift */; };
		91E436BF1D2110FF008CF27A /* ConstraintDescription.swift in Sources */ = {isa = PBXBuildFile; fileRef = 91E436B11D2110FF008CF27A /* ConstraintDescription.swift */; };
		91E436C01D2110FF008CF27A /* ConstraintItem.swift in Sources */ = {isa = PBXBuildFile; fileRef = 91E436B21D2110FF008CF27A /* ConstraintItem.swift */; };
		91E436C11D2110FF008CF27A /* ConstraintMaker.swift in Sources */ = {isa = PBXBuildFile; fileRef = 91E436B31D2110FF008CF27A /* ConstraintMaker.swift */; };
		91E436C21D2110FF008CF27A /* ConstraintRelation.swift in Sources */ = {isa = PBXBuildFile; fileRef = 91E436B41D2110FF008CF27A /* ConstraintRelation.swift */; };
		91E436C31D2110FF008CF27A /* Debugging.swift in Sources */ = {isa = PBXBuildFile; fileRef = 91E436B51D2110FF008CF27A /* Debugging.swift */; };
		91E436C41D2110FF008CF27A /* EdgeInsets.swift in Sources */ = {isa = PBXBuildFile; fileRef = 91E436B61D2110FF008CF27A /* EdgeInsets.swift */; };
		91E436C51D2110FF008CF27A /* Info.plist in Resources */ = {isa = PBXBuildFile; fileRef = 91E436B71D2110FF008CF27A /* Info.plist */; };
		91E436C61D2110FF008CF27A /* LayoutConstraint.swift in Sources */ = {isa = PBXBuildFile; fileRef = 91E436B81D2110FF008CF27A /* LayoutConstraint.swift */; };
		91E436C71D2110FF008CF27A /* SnapKit.swift in Sources */ = {isa = PBXBuildFile; fileRef = 91E436BA1D2110FF008CF27A /* SnapKit.swift */; };
		91E436C81D2110FF008CF27A /* View+SnapKit.swift in Sources */ = {isa = PBXBuildFile; fileRef = 91E436BB1D2110FF008CF27A /* View+SnapKit.swift */; };
		91E436C91D2110FF008CF27A /* ViewController+SnapKit.swift in Sources */ = {isa = PBXBuildFile; fileRef = 91E436BC1D2110FF008CF27A /* ViewController+SnapKit.swift */; };
		91FB7AA01D2112FA00496602 /* LZColorTool.swift in Sources */ = {isa = PBXBuildFile; fileRef = 91FB7A9F1D2112FA00496602 /* LZColorTool.swift */; };
		91FB7AA21D2128A500496602 /* LZCartTableViewCell.swift in Sources */ = {isa = PBXBuildFile; fileRef = 91FB7AA11D2128A500496602 /* LZCartTableViewCell.swift */; };
		91FB7AA41D2128BE00496602 /* LZCartModel.swift in Sources */ = {isa = PBXBuildFile; fileRef = 91FB7AA31D2128BE00496602 /* LZCartModel.swift */; };
/* End PBXBuildFile section */

/* Begin PBXContainerItemProxy section */
		91E4367A1D21006D008CF27A /* PBXContainerItemProxy */ = {
			isa = PBXContainerItemProxy;
			containerPortal = 91E4365A1D21006D008CF27A /* Project object */;
			proxyType = 1;
			remoteGlobalIDString = 91E436611D21006D008CF27A;
			remoteInfo = CartDemo_Swift;
		};
		91E436851D21006D008CF27A /* PBXContainerItemProxy */ = {
			isa = PBXContainerItemProxy;
			containerPortal = 91E4365A1D21006D008CF27A /* Project object */;
			proxyType = 1;
			remoteGlobalIDString = 91E436611D21006D008CF27A;
			remoteInfo = CartDemo_Swift;
		};
/* End PBXContainerItemProxy section */

/* Begin PBXFileReference section */
		9153874D1D2206D6009C4FE3 /* 40fe711f9b754b596159f3a6.jpg */ = {isa = PBXFileReference; lastKnownFileType = image.jpeg; path = 40fe711f9b754b596159f3a6.jpg; sourceTree = "<group>"; };
		91E436621D21006D008CF27A /* CartDemo_Swift.app */ = {isa = PBXFileReference; explicitFileType = wrapper.application; includeInIndex = 0; path = CartDemo_Swift.app; sourceTree = BUILT_PRODUCTS_DIR; };
		91E436651D21006D008CF27A /* AppDelegate.swift */ = {isa = PBXFileReference; lastKnownFileType = sourcecode.swift; path = AppDelegate.swift; sourceTree = "<group>"; };
		91E436671D21006D008CF27A /* ViewController.swift */ = {isa = PBXFileReference; lastKnownFileType = sourcecode.swift; path = ViewController.swift; sourceTree = "<group>"; };
		91E4366A1D21006D008CF27A /* Base */ = {isa = PBXFileReference; lastKnownFileType = file.storyboard; name = Base; path = Base.lproj/Main.storyboard; sourceTree = "<group>"; };
		91E4366D1D21006D008CF27A /* CartDemo_Swift.xcdatamodel */ = {isa = PBXFileReference; lastKnownFileType = wrapper.xcdatamodel; path = CartDemo_Swift.xcdatamodel; sourceTree = "<group>"; };
		91E4366F1D21006D008CF27A /* Assets.xcassets */ = {isa = PBXFileReference; lastKnownFileType = folder.assetcatalog; path = Assets.xcassets; sourceTree = "<group>"; };
		91E436721D21006D008CF27A /* Base */ = {isa = PBXFileReference; lastKnownFileType = file.storyboard; name = Base; path = Base.lproj/LaunchScreen.storyboard; sourceTree = "<group>"; };
		91E436741D21006D008CF27A /* Info.plist */ = {isa = PBXFileReference; lastKnownFileType = text.plist.xml; path = Info.plist; sourceTree = "<group>"; };
		91E436791D21006D008CF27A /* CartDemo_SwiftTests.xctest */ = {isa = PBXFileReference; explicitFileType = wrapper.cfbundle; includeInIndex = 0; path = CartDemo_SwiftTests.xctest; sourceTree = BUILT_PRODUCTS_DIR; };
		91E4367D1D21006D008CF27A /* CartDemo_SwiftTests.swift */ = {isa = PBXFileReference; lastKnownFileType = sourcecode.swift; path = CartDemo_SwiftTests.swift; sourceTree = "<group>"; };
		91E4367F1D21006D008CF27A /* Info.plist */ = {isa = PBXFileReference; lastKnownFileType = text.plist.xml; path = Info.plist; sourceTree = "<group>"; };
		91E436841D21006D008CF27A /* CartDemo_SwiftUITests.xctest */ = {isa = PBXFileReference; explicitFileType = wrapper.cfbundle; includeInIndex = 0; path = CartDemo_SwiftUITests.xctest; sourceTree = BUILT_PRODUCTS_DIR; };
		91E436881D21006D008CF27A /* CartDemo_SwiftUITests.swift */ = {isa = PBXFileReference; lastKnownFileType = sourcecode.swift; path = CartDemo_SwiftUITests.swift; sourceTree = "<group>"; };
		91E4368A1D21006D008CF27A /* Info.plist */ = {isa = PBXFileReference; lastKnownFileType = text.plist.xml; path = Info.plist; sourceTree = "<group>"; };
		91E436971D21021B008CF27A /* LZCartViewController.swift */ = {isa = PBXFileReference; fileEncoding = 4; lastKnownFileType = sourcecode.swift; path = LZCartViewController.swift; sourceTree = "<group>"; };
		91E4369B1D210A1E008CF27A /* LZConfigFile.swift */ = {isa = PBXFileReference; fileEncoding = 4; lastKnownFileType = sourcecode.swift; path = LZConfigFile.swift; sourceTree = "<group>"; };
		91E4369E1D210E4A008CF27A /* back_button@2x.png */ = {isa = PBXFileReference; lastKnownFileType = image.png; path = "back_button@2x.png"; sourceTree = "<group>"; };
		91E4369F1D210E4A008CF27A /* cart_addBtn_highlight@2x.png */ = {isa = PBXFileReference; lastKnownFileType = image.png; path = "cart_addBtn_highlight@2x.png"; sourceTree = "<group>"; };
		91E436A01D210E4A008CF27A /* cart_addBtn_nomal@2x.png */ = {isa = PBXFileReference; lastKnownFileType = image.png; path = "cart_addBtn_nomal@2x.png"; sourceTree = "<group>"; };
		91E436A11D210E4A008CF27A /* cart_cutBtn_highlight@2x.png */ = {isa = PBXFileReference; lastKnownFileType = image.png; path = "cart_cutBtn_highlight@2x.png"; sourceTree = "<group>"; };
		91E436A21D210E4A008CF27A /* cart_cutBtn_nomal@2x.png */ = {isa = PBXFileReference; lastKnownFileType = image.png; path = "cart_cutBtn_nomal@2x.png"; sourceTree = "<group>"; };
		91E436A31D210E4A008CF27A /* cart_default_bg.png */ = {isa = PBXFileReference; lastKnownFileType = image.png; path = cart_default_bg.png; sourceTree = "<group>"; };
		91E436A41D210E4A008CF27A /* cart_selected_btn@2x.png */ = {isa = PBXFileReference; lastKnownFileType = image.png; path = "cart_selected_btn@2x.png"; sourceTree = "<group>"; };
		91E436A51D210E4A008CF27A /* cart_unSelect_btn@2x.png */ = {isa = PBXFileReference; lastKnownFileType = image.png; path = "cart_unSelect_btn@2x.png"; sourceTree = "<group>"; };
		91E436AF1D2110FF008CF27A /* Constraint.swift */ = {isa = PBXFileReference; fileEncoding = 4; lastKnownFileType = sourcecode.swift; path = Constraint.swift; sourceTree = "<group>"; };
		91E436B01D2110FF008CF27A /* ConstraintAttributes.swift */ = {isa = PBXFileReference; fileEncoding = 4; lastKnownFileType = sourcecode.swift; path = ConstraintAttributes.swift; sourceTree = "<group>"; };
		91E436B11D2110FF008CF27A /* ConstraintDescription.swift */ = {isa = PBXFileReference; fileEncoding = 4; lastKnownFileType = sourcecode.swift; path = ConstraintDescription.swift; sourceTree = "<group>"; };
		91E436B21D2110FF008CF27A /* ConstraintItem.swift */ = {isa = PBXFileReference; fileEncoding = 4; lastKnownFileType = sourcecode.swift; path = ConstraintItem.swift; sourceTree = "<group>"; };
		91E436B31D2110FF008CF27A /* ConstraintMaker.swift */ = {isa = PBXFileReference; fileEncoding = 4; lastKnownFileType = sourcecode.swift; path = ConstraintMaker.swift; sourceTree = "<group>"; };
		91E436B41D2110FF008CF27A /* ConstraintRelation.swift */ = {isa = PBXFileReference; fileEncoding = 4; lastKnownFileType = sourcecode.swift; path = ConstraintRelation.swift; sourceTree = "<group>"; };
		91E436B51D2110FF008CF27A /* Debugging.swift */ = {isa = PBXFileReference; fileEncoding = 4; lastKnownFileType = sourcecode.swift; path = Debugging.swift; sourceTree = "<group>"; };
		91E436B61D2110FF008CF27A /* EdgeInsets.swift */ = {isa = PBXFileReference; fileEncoding = 4; lastKnownFileType = sourcecode.swift; path = EdgeInsets.swift; sourceTree = "<group>"; };
		91E436B71D2110FF008CF27A /* Info.plist */ = {isa = PBXFileReference; fileEncoding = 4; lastKnownFileType = text.plist.xml; path = Info.plist; sourceTree = "<group>"; };
		91E436B81D2110FF008CF27A /* LayoutConstraint.swift */ = {isa = PBXFileReference; fileEncoding = 4; lastKnownFileType = sourcecode.swift; path = LayoutConstraint.swift; sourceTree = "<group>"; };
		91E436B91D2110FF008CF27A /* SnapKit.h */ = {isa = PBXFileReference; fileEncoding = 4; lastKnownFileType = sourcecode.c.h; path = SnapKit.h; sourceTree = "<group>"; };
		91E436BA1D2110FF008CF27A /* SnapKit.swift */ = {isa = PBXFileReference; fileEncoding = 4; lastKnownFileType = sourcecode.swift; path = SnapKit.swift; sourceTree = "<group>"; };
		91E436BB1D2110FF008CF27A /* View+SnapKit.swift */ = {isa = PBXFileReference; fileEncoding = 4; lastKnownFileType = sourcecode.swift; path = "View+SnapKit.swift"; sourceTree = "<group>"; };
		91E436BC1D2110FF008CF27A /* ViewController+SnapKit.swift */ = {isa = PBXFileReference; fileEncoding = 4; lastKnownFileType = sourcecode.swift; path = "ViewController+SnapKit.swift"; sourceTree = "<group>"; };
		91FB7A9F1D2112FA00496602 /* LZColorTool.swift */ = {isa = PBXFileReference; fileEncoding = 4; lastKnownFileType = sourcecode.swift; path = LZColorTool.swift; sourceTree = "<group>"; };
		91FB7AA11D2128A500496602 /* LZCartTableViewCell.swift */ = {isa = PBXFileReference; fileEncoding = 4; lastKnownFileType = sourcecode.swift; path = LZCartTableViewCell.swift; sourceTree = "<group>"; };
		91FB7AA31D2128BE00496602 /* LZCartModel.swift */ = {isa = PBXFileReference; fileEncoding = 4; lastKnownFileType = sourcecode.swift; path = LZCartModel.swift; sourceTree = "<group>"; };
/* End PBXFileReference section */

/* Begin PBXFrameworksBuildPhase section */
		91E4365F1D21006D008CF27A /* Frameworks */ = {
			isa = PBXFrameworksBuildPhase;
			buildActionMask = 2147483647;
			files = (
			);
			runOnlyForDeploymentPostprocessing = 0;
		};
		91E436761D21006D008CF27A /* Frameworks */ = {
			isa = PBXFrameworksBuildPhase;
			buildActionMask = 2147483647;
			files = (
			);
			runOnlyForDeploymentPostprocessing = 0;
		};
		91E436811D21006D008CF27A /* Frameworks */ = {
			isa = PBXFrameworksBuildPhase;
			buildActionMask = 2147483647;
			files = (
			);
			runOnlyForDeploymentPostprocessing = 0;
		};
/* End PBXFrameworksBuildPhase section */

/* Begin PBXGroup section */
		91E436591D21006D008CF27A = {
			isa = PBXGroup;
			children = (
				91E436641D21006D008CF27A /* CartDemo_Swift */,
				91E4367C1D21006D008CF27A /* CartDemo_SwiftTests */,
				91E436871D21006D008CF27A /* CartDemo_SwiftUITests */,
				91E436631D21006D008CF27A /* Products */,
			);
			sourceTree = "<group>";
		};
		91E436631D21006D008CF27A /* Products */ = {
			isa = PBXGroup;
			children = (
				91E436621D21006D008CF27A /* CartDemo_Swift.app */,
				91E436791D21006D008CF27A /* CartDemo_SwiftTests.xctest */,
				91E436841D21006D008CF27A /* CartDemo_SwiftUITests.xctest */,
			);
			name = Products;
			sourceTree = "<group>";
		};
		91E436641D21006D008CF27A /* CartDemo_Swift */ = {
			isa = PBXGroup;
			children = (
				9153874D1D2206D6009C4FE3 /* 40fe711f9b754b596159f3a6.jpg */,
				91E436AE1D2110FF008CF27A /* Source */,
				91E436961D2101E6008CF27A /* LZCartViewController */,
				91E436651D21006D008CF27A /* AppDelegate.swift */,
				91E436671D21006D008CF27A /* ViewController.swift */,
				91E436691D21006D008CF27A /* Main.storyboard */,
				91E4366F1D21006D008CF27A /* Assets.xcassets */,
				91E436711D21006D008CF27A /* LaunchScreen.storyboard */,
				91E436741D21006D008CF27A /* Info.plist */,
				91E4366C1D21006D008CF27A /* CartDemo_Swift.xcdatamodeld */,
			);
			path = CartDemo_Swift;
			sourceTree = "<group>";
		};
		91E4367C1D21006D008CF27A /* CartDemo_SwiftTests */ = {
			isa = PBXGroup;
			children = (
				91E4367D1D21006D008CF27A /* CartDemo_SwiftTests.swift */,
				91E4367F1D21006D008CF27A /* Info.plist */,
			);
			path = CartDemo_SwiftTests;
			sourceTree = "<group>";
		};
		91E436871D21006D008CF27A /* CartDemo_SwiftUITests */ = {
			isa = PBXGroup;
			children = (
				91E436881D21006D008CF27A /* CartDemo_SwiftUITests.swift */,
				91E4368A1D21006D008CF27A /* Info.plist */,
			);
			path = CartDemo_SwiftUITests;
			sourceTree = "<group>";
		};
		91E436961D2101E6008CF27A /* LZCartViewController */ = {
			isa = PBXGroup;
			children = (
				91E4369D1D210E4A008CF27A /* icons */,
				91E436971D21021B008CF27A /* LZCartViewController.swift */,
				91E4369B1D210A1E008CF27A /* LZConfigFile.swift */,
				91FB7A9F1D2112FA00496602 /* LZColorTool.swift */,
				91FB7AA11D2128A500496602 /* LZCartTableViewCell.swift */,
				91FB7AA31D2128BE00496602 /* LZCartModel.swift */,
			);
			path = LZCartViewController;
			sourceTree = "<group>";
		};
		91E4369D1D210E4A008CF27A /* icons */ = {
			isa = PBXGroup;
			children = (
				91E4369E1D210E4A008CF27A /* back_button@2x.png */,
				91E4369F1D210E4A008CF27A /* cart_addBtn_highlight@2x.png */,
				91E436A01D210E4A008CF27A /* cart_addBtn_nomal@2x.png */,
				91E436A11D210E4A008CF27A /* cart_cutBtn_highlight@2x.png */,
				91E436A21D210E4A008CF27A /* cart_cutBtn_nomal@2x.png */,
				91E436A31D210E4A008CF27A /* cart_default_bg.png */,
				91E436A41D210E4A008CF27A /* cart_selected_btn@2x.png */,
				91E436A51D210E4A008CF27A /* cart_unSelect_btn@2x.png */,
			);
			path = icons;
			sourceTree = "<group>";
		};
		91E436AE1D2110FF008CF27A /* Source */ = {
			isa = PBXGroup;
			children = (
				91E436AF1D2110FF008CF27A /* Constraint.swift */,
				91E436B01D2110FF008CF27A /* ConstraintAttributes.swift */,
				91E436B11D2110FF008CF27A /* ConstraintDescription.swift */,
				91E436B21D2110FF008CF27A /* ConstraintItem.swift */,
				91E436B31D2110FF008CF27A /* ConstraintMaker.swift */,
				91E436B41D2110FF008CF27A /* ConstraintRelation.swift */,
				91E436B51D2110FF008CF27A /* Debugging.swift */,
				91E436B61D2110FF008CF27A /* EdgeInsets.swift */,
				91E436B71D2110FF008CF27A /* Info.plist */,
				91E436B81D2110FF008CF27A /* LayoutConstraint.swift */,
				91E436B91D2110FF008CF27A /* SnapKit.h */,
				91E436BA1D2110FF008CF27A /* SnapKit.swift */,
				91E436BB1D2110FF008CF27A /* View+SnapKit.swift */,
				91E436BC1D2110FF008CF27A /* ViewController+SnapKit.swift */,
			);
			path = Source;
			sourceTree = "<group>";
		};
/* End PBXGroup section */

/* Begin PBXNativeTarget section */
		91E436611D21006D008CF27A /* CartDemo_Swift */ = {
			isa = PBXNativeTarget;
			buildConfigurationList = 91E4368D1D21006D008CF27A /* Build configuration list for PBXNativeTarget "CartDemo_Swift" */;
			buildPhases = (
				91E4365E1D21006D008CF27A /* Sources */,
				91E4365F1D21006D008CF27A /* Frameworks */,
				91E436601D21006D008CF27A /* Resources */,
			);
			buildRules = (
			);
			dependencies = (
			);
			name = CartDemo_Swift;
			productName = CartDemo_Swift;
			productReference = 91E436621D21006D008CF27A /* CartDemo_Swift.app */;
			productType = "com.apple.product-type.application";
		};
		91E436781D21006D008CF27A /* CartDemo_SwiftTests */ = {
			isa = PBXNativeTarget;
			buildConfigurationList = 91E436901D21006D008CF27A /* Build configuration list for PBXNativeTarget "CartDemo_SwiftTests" */;
			buildPhases = (
				91E436751D21006D008CF27A /* Sources */,
				91E436761D21006D008CF27A /* Frameworks */,
				91E436771D21006D008CF27A /* Resources */,
			);
			buildRules = (
			);
			dependencies = (
				91E4367B1D21006D008CF27A /* PBXTargetDependency */,
			);
			name = CartDemo_SwiftTests;
			productName = CartDemo_SwiftTests;
			productReference = 91E436791D21006D008CF27A /* CartDemo_SwiftTests.xctest */;
			productType = "com.apple.product-type.bundle.unit-test";
		};
		91E436831D21006D008CF27A /* CartDemo_SwiftUITests */ = {
			isa = PBXNativeTarget;
			buildConfigurationList = 91E436931D21006D008CF27A /* Build configuration list for PBXNativeTarget "CartDemo_SwiftUITests" */;
			buildPhases = (
				91E436801D21006D008CF27A /* Sources */,
				91E436811D21006D008CF27A /* Frameworks */,
				91E436821D21006D008CF27A /* Resources */,
			);
			buildRules = (
			);
			dependencies = (
				91E436861D21006D008CF27A /* PBXTargetDependency */,
			);
			name = CartDemo_SwiftUITests;
			productName = CartDemo_SwiftUITests;
			productReference = 91E436841D21006D008CF27A /* CartDemo_SwiftUITests.xctest */;
			productType = "com.apple.product-type.bundle.ui-testing";
		};
/* End PBXNativeTarget section */

/* Begin PBXProject section */
		91E4365A1D21006D008CF27A /* Project object */ = {
			isa = PBXProject;
			attributes = {
				LastSwiftUpdateCheck = 0730;
				LastUpgradeCheck = 0730;
				ORGANIZATIONNAME = Artup;
				TargetAttributes = {
					91E436611D21006D008CF27A = {
						CreatedOnToolsVersion = 7.3;
					};
					91E436781D21006D008CF27A = {
						CreatedOnToolsVersion = 7.3;
						TestTargetID = 91E436611D21006D008CF27A;
					};
					91E436831D21006D008CF27A = {
						CreatedOnToolsVersion = 7.3;
						TestTargetID = 91E436611D21006D008CF27A;
					};
				};
			};
			buildConfigurationList = 91E4365D1D21006D008CF27A /* Build configuration list for PBXProject "CartDemo_Swift" */;
			compatibilityVersion = "Xcode 3.2";
			developmentRegion = English;
			hasScannedForEncodings = 0;
			knownRegions = (
				en,
				Base,
			);
			mainGroup = 91E436591D21006D008CF27A;
			productRefGroup = 91E436631D21006D008CF27A /* Products */;
			projectDirPath = "";
			projectRoot = "";
			targets = (
				91E436611D21006D008CF27A /* CartDemo_Swift */,
				91E436781D21006D008CF27A /* CartDemo_SwiftTests */,
				91E436831D21006D008CF27A /* CartDemo_SwiftUITests */,
			);
		};
/* End PBXProject section */

/* Begin PBXResourcesBuildPhase section */
		91E436601D21006D008CF27A /* Resources */ = {
			isa = PBXResourcesBuildPhase;
			buildActionMask = 2147483647;
			files = (
				91E436A71D210E4A008CF27A /* cart_addBtn_highlight@2x.png in Resources */,
				91E436A91D210E4A008CF27A /* cart_cutBtn_highlight@2x.png in Resources */,
				91E436AC1D210E4A008CF27A /* cart_selected_btn@2x.png in Resources */,
				9153874E1D2206D6009C4FE3 /* 40fe711f9b754b596159f3a6.jpg in Resources */,
				91E436A81D210E4A008CF27A /* cart_addBtn_nomal@2x.png in Resources */,
				91E436731D21006D008CF27A /* LaunchScreen.storyboard in Resources */,
				91E436AA1D210E4A008CF27A /* cart_cutBtn_nomal@2x.png in Resources */,
				91E436701D21006D008CF27A /* Assets.xcassets in Resources */,
				91E436AB1D210E4A008CF27A /* cart_default_bg.png in Resources */,
				91E436C51D2110FF008CF27A /* Info.plist in Resources */,
				91E436AD1D210E4A008CF27A /* cart_unSelect_btn@2x.png in Resources */,
				91E4366B1D21006D008CF27A /* Main.storyboard in Resources */,
				91E436A61D210E4A008CF27A /* back_button@2x.png in Resources */,
			);
			runOnlyForDeploymentPostprocessing = 0;
		};
		91E436771D21006D008CF27A /* Resources */ = {
			isa = PBXResourcesBuildPhase;
			buildActionMask = 2147483647;
			files = (
			);
			runOnlyForDeploymentPostprocessing = 0;
		};
		91E436821D21006D008CF27A /* Resources */ = {
			isa = PBXResourcesBuildPhase;
			buildActionMask = 2147483647;
			files = (
			);
			runOnlyForDeploymentPostprocessing = 0;
		};
/* End PBXResourcesBuildPhase section */

/* Begin PBXSourcesBuildPhase section */
		91E4365E1D21006D008CF27A /* Sources */ = {
			isa = PBXSourcesBuildPhase;
			buildActionMask = 2147483647;
			files = (
				91E436C41D2110FF008CF27A /* EdgeInsets.swift in Sources */,
				91E436BD1D2110FF008CF27A /* Constraint.swift in Sources */,
				91E436C11D2110FF008CF27A /* ConstraintMaker.swift in Sources */,
				91E436C21D2110FF008CF27A /* ConstraintRelation.swift in Sources */,
				91E4369C1D210A1E008CF27A /* LZConfigFile.swift in Sources */,
				91FB7AA41D2128BE00496602 /* LZCartModel.swift in Sources */,
				91E436BE1D2110FF008CF27A /* ConstraintAttributes.swift in Sources */,
				91E436981D21021B008CF27A /* LZCartViewController.swift in Sources */,
				91E436C71D2110FF008CF27A /* SnapKit.swift in Sources */,
				91E4366E1D21006D008CF27A /* CartDemo_Swift.xcdatamodeld in Sources */,
				91E436681D21006D008CF27A /* ViewController.swift in Sources */,
				91E436661D21006D008CF27A /* AppDelegate.swift in Sources */,
				91E436BF1D2110FF008CF27A /* ConstraintDescription.swift in Sources */,
				91E436C31D2110FF008CF27A /* Debugging.swift in Sources */,
				91E436C81D2110FF008CF27A /* View+SnapKit.swift in Sources */,
				91E436C61D2110FF008CF27A /* LayoutConstraint.swift in Sources */,
				91FB7AA01D2112FA00496602 /* LZColorTool.swift in Sources */,
				91E436C01D2110FF008CF27A /* ConstraintItem.swift in Sources */,
				91E436C91D2110FF008CF27A /* ViewController+SnapKit.swift in Sources */,
				91FB7AA21D2128A500496602 /* LZCartTableViewCell.swift in Sources */,
			);
			runOnlyForDeploymentPostprocessing = 0;
		};
		91E436751D21006D008CF27A /* Sources */ = {
			isa = PBXSourcesBuildPhase;
			buildActionMask = 2147483647;
			files = (
				91E4367E1D21006D008CF27A /* CartDemo_SwiftTests.swift in Sources */,
			);
			runOnlyForDeploymentPostprocessing = 0;
		};
		91E436801D21006D008CF27A /* Sources */ = {
			isa = PBXSourcesBuildPhase;
			buildActionMask = 2147483647;
			files = (
				91E436891D21006D008CF27A /* CartDemo_SwiftUITests.swift in Sources */,
			);
			runOnlyForDeploymentPostprocessing = 0;
		};
/* End PBXSourcesBuildPhase section */

/* Begin PBXTargetDependency section */
		91E4367B1D21006D008CF27A /* PBXTargetDependency */ = {
			isa = PBXTargetDependency;
			target = 91E436611D21006D008CF27A /* CartDemo_Swift */;
			targetProxy = 91E4367A1D21006D008CF27A /* PBXContainerItemProxy */;
		};
		91E436861D21006D008CF27A /* PBXTargetDependency */ = {
			isa = PBXTargetDependency;
			target = 91E436611D21006D008CF27A /* CartDemo_Swift */;
			targetProxy = 91E436851D21006D008CF27A /* PBXContainerItemProxy */;
		};
/* End PBXTargetDependency section */

/* Begin PBXVariantGroup section */
		91E436691D21006D008CF27A /* Main.storyboard */ = {
			isa = PBXVariantGroup;
			children = (
				91E4366A1D21006D008CF27A /* Base */,
			);
			name = Main.storyboard;
			sourceTree = "<group>";
		};
		91E436711D21006D008CF27A /* LaunchScreen.storyboard */ = {
			isa = PBXVariantGroup;
			children = (
				91E436721D21006D008CF27A /* Base */,
			);
			name = LaunchScreen.storyboard;
			sourceTree = "<group>";
		};
/* End PBXVariantGroup section */

/* Begin XCBuildConfiguration section */
		91E4368B1D21006D008CF27A /* Debug */ = {
			isa = XCBuildConfiguration;
			buildSettings = {
				ALWAYS_SEARCH_USER_PATHS = NO;
				CLANG_ANALYZER_NONNULL = YES;
				CLANG_CXX_LANGUAGE_STANDARD = "gnu++0x";
				CLANG_CXX_LIBRARY = "libc++";
				CLANG_ENABLE_MODULES = YES;
				CLANG_ENABLE_OBJC_ARC = YES;
				CLANG_WARN_BOOL_CONVERSION = YES;
				CLANG_WARN_CONSTANT_CONVERSION = YES;
				CLANG_WARN_DIRECT_OBJC_ISA_USAGE = YES_ERROR;
				CLANG_WARN_EMPTY_BODY = YES;
				CLANG_WARN_ENUM_CONVERSION = YES;
				CLANG_WARN_INT_CONVERSION = YES;
				CLANG_WARN_OBJC_ROOT_CLASS = YES_ERROR;
				CLANG_WARN_UNREACHABLE_CODE = YES;
				CLANG_WARN__DUPLICATE_METHOD_MATCH = YES;
				"CODE_SIGN_IDENTITY[sdk=iphoneos*]" = "iPhone Developer";
				COPY_PHASE_STRIP = NO;
				DEBUG_INFORMATION_FORMAT = dwarf;
				ENABLE_STRICT_OBJC_MSGSEND = YES;
				ENABLE_TESTABILITY = YES;
				GCC_C_LANGUAGE_STANDARD = gnu99;
				GCC_DYNAMIC_NO_PIC = NO;
				GCC_NO_COMMON_BLOCKS = YES;
				GCC_OPTIMIZATION_LEVEL = 0;
				GCC_PREPROCESSOR_DEFINITIONS = (
					"DEBUG=1",
					"$(inherited)",
				);
				GCC_WARN_64_TO_32_BIT_CONVERSION = YES;
				GCC_WARN_ABOUT_RETURN_TYPE = YES_ERROR;
				GCC_WARN_UNDECLARED_SELECTOR = YES;
				GCC_WARN_UNINITIALIZED_AUTOS = YES_AGGRESSIVE;
				GCC_WARN_UNUSED_FUNCTION = YES;
				GCC_WARN_UNUSED_VARIABLE = YES;
				IPHONEOS_DEPLOYMENT_TARGET = 9.3;
				MTL_ENABLE_DEBUG_INFO = YES;
				ONLY_ACTIVE_ARCH = YES;
				SDKROOT = iphoneos;
				SWIFT_OPTIMIZATION_LEVEL = "-Onone";
				TARGETED_DEVICE_FAMILY = "1,2";
			};
			name = Debug;
		};
		91E4368C1D21006D008CF27A /* Release */ = {
			isa = XCBuildConfiguration;
			buildSettings = {
				ALWAYS_SEARCH_USER_PATHS = NO;
				CLANG_ANALYZER_NONNULL = YES;
				CLANG_CXX_LANGUAGE_STANDARD = "gnu++0x";
				CLANG_CXX_LIBRARY = "libc++";
				CLANG_ENABLE_MODULES = YES;
				CLANG_ENABLE_OBJC_ARC = YES;
				CLANG_WARN_BOOL_CONVERSION = YES;
				CLANG_WARN_CONSTANT_CONVERSION = YES;
				CLANG_WARN_DIRECT_OBJC_ISA_USAGE = YES_ERROR;
				CLANG_WARN_EMPTY_BODY = YES;
				CLANG_WARN_ENUM_CONVERSION = YES;
				CLANG_WARN_INT_CONVERSION = YES;
				CLANG_WARN_OBJC_ROOT_CLASS = YES_ERROR;
				CLANG_WARN_UNREACHABLE_CODE = YES;
				CLANG_WARN__DUPLICATE_METHOD_MATCH = YES;
				"CODE_SIGN_IDENTITY[sdk=iphoneos*]" = "iPhone Developer";
				COPY_PHASE_STRIP = NO;
				DEBUG_INFORMATION_FORMAT = "dwarf-with-dsym";
				ENABLE_NS_ASSERTIONS = NO;
				ENABLE_STRICT_OBJC_MSGSEND = YES;
				GCC_C_LANGUAGE_STANDARD = gnu99;
				GCC_NO_COMMON_BLOCKS = YES;
				GCC_WARN_64_TO_32_BIT_CONVERSION = YES;
				GCC_WARN_ABOUT_RETURN_TYPE = YES_ERROR;
				GCC_WARN_UNDECLARED_SELECTOR = YES;
				GCC_WARN_UNINITIALIZED_AUTOS = YES_AGGRESSIVE;
				GCC_WARN_UNUSED_FUNCTION = YES;
				GCC_WARN_UNUSED_VARIABLE = YES;
				IPHONEOS_DEPLOYMENT_TARGET = 9.3;
				MTL_ENABLE_DEBUG_INFO = NO;
				SDKROOT = iphoneos;
				TARGETED_DEVICE_FAMILY = "1,2";
				VALIDATE_PRODUCT = YES;
			};
			name = Release;
		};
		91E4368E1D21006D008CF27A /* Debug */ = {
			isa = XCBuildConfiguration;
			buildSettings = {
				ASSETCATALOG_COMPILER_APPICON_NAME = AppIcon;
				INFOPLIST_FILE = CartDemo_Swift/Info.plist;
				LD_RUNPATH_SEARCH_PATHS = "$(inherited) @executable_path/Frameworks";
				PRODUCT_BUNDLE_IDENTIFIER = "com.artup.CartDemo-Swift";
				PRODUCT_NAME = "$(TARGET_NAME)";
			};
			name = Debug;
		};
		91E4368F1D21006D008CF27A /* Release */ = {
			isa = XCBuildConfiguration;
			buildSettings = {
				ASSETCATALOG_COMPILER_APPICON_NAME = AppIcon;
				INFOPLIST_FILE = CartDemo_Swift/Info.plist;
				LD_RUNPATH_SEARCH_PATHS = "$(inherited) @executable_path/Frameworks";
				PRODUCT_BUNDLE_IDENTIFIER = "com.artup.CartDemo-Swift";
				PRODUCT_NAME = "$(TARGET_NAME)";
			};
			name = Release;
		};
		91E436911D21006D008CF27A /* Debug */ = {
			isa = XCBuildConfiguration;
			buildSettings = {
				BUNDLE_LOADER = "$(TEST_HOST)";
				INFOPLIST_FILE = CartDemo_SwiftTests/Info.plist;
				LD_RUNPATH_SEARCH_PATHS = "$(inherited) @executable_path/Frameworks @loader_path/Frameworks";
				PRODUCT_BUNDLE_IDENTIFIER = "com.artup.CartDemo-SwiftTests";
				PRODUCT_NAME = "$(TARGET_NAME)";
				TEST_HOST = "$(BUILT_PRODUCTS_DIR)/CartDemo_Swift.app/CartDemo_Swift";
			};
			name = Debug;
		};
		91E436921D21006D008CF27A /* Release */ = {
			isa = XCBuildConfiguration;
			buildSettings = {
				BUNDLE_LOADER = "$(TEST_HOST)";
				INFOPLIST_FILE = CartDemo_SwiftTests/Info.plist;
				LD_RUNPATH_SEARCH_PATHS = "$(inherited) @executable_path/Frameworks @loader_path/Frameworks";
				PRODUCT_BUNDLE_IDENTIFIER = "com.artup.CartDemo-SwiftTests";
				PRODUCT_NAME = "$(TARGET_NAME)";
				TEST_HOST = "$(BUILT_PRODUCTS_DIR)/CartDemo_Swift.app/CartDemo_Swift";
			};
			name = Release;
		};
		91E436941D21006D008CF27A /* Debug */ = {
			isa = XCBuildConfiguration;
			buildSettings = {
				INFOPLIST_FILE = CartDemo_SwiftUITests/Info.plist;
				LD_RUNPATH_SEARCH_PATHS = "$(inherited) @executable_path/Frameworks @loader_path/Frameworks";
				PRODUCT_BUNDLE_IDENTIFIER = "com.artup.CartDemo-SwiftUITests";
				PRODUCT_NAME = "$(TARGET_NAME)";
				TEST_TARGET_NAME = CartDemo_Swift;
			};
			name = Debug;
		};
		91E436951D21006D008CF27A /* Release */ = {
			isa = XCBuildConfiguration;
			buildSettings = {
				INFOPLIST_FILE = CartDemo_SwiftUITests/Info.plist;
				LD_RUNPATH_SEARCH_PATHS = "$(inherited) @executable_path/Frameworks @loader_path/Frameworks";
				PRODUCT_BUNDLE_IDENTIFIER = "com.artup.CartDemo-SwiftUITests";
				PRODUCT_NAME = "$(TARGET_NAME)";
				TEST_TARGET_NAME = CartDemo_Swift;
			};
			name = Release;
		};
/* End XCBuildConfiguration section */

/* Begin XCConfigurationList section */
		91E4365D1D21006D008CF27A /* Build configuration list for PBXProject "CartDemo_Swift" */ = {
			isa = XCConfigurationList;
			buildConfigurations = (
				91E4368B1D21006D008CF27A /* Debug */,
				91E4368C1D21006D008CF27A /* Release */,
			);
			defaultConfigurationIsVisible = 0;
			defaultConfigurationName = Release;
		};
		91E4368D1D21006D008CF27A /* Build configuration list for PBXNativeTarget "CartDemo_Swift" */ = {
			isa = XCConfigurationList;
			buildConfigurations = (
				91E4368E1D21006D008CF27A /* Debug */,
				91E4368F1D21006D008CF27A /* Release */,
			);
			defaultConfigurationIsVisible = 0;
			defaultConfigurationName = Release;
		};
		91E436901D21006D008CF27A /* Build configuration list for PBXNativeTarget "CartDemo_SwiftTests" */ = {
			isa = XCConfigurationList;
			buildConfigurations = (
				91E436911D21006D008CF27A /* Debug */,
				91E436921D21006D008CF27A /* Release */,
			);
			defaultConfigurationIsVisible = 0;
			defaultConfigurationName = Release;
		};
		91E436931D21006D008CF27A /* Build configuration list for PBXNativeTarget "CartDemo_SwiftUITests" */ = {
			isa = XCConfigurationList;
			buildConfigurations = (
				91E436941D21006D008CF27A /* Debug */,
				91E436951D21006D008CF27A /* Release */,
			);
			defaultConfigurationIsVisible = 0;
			defaultConfigurationName = Release;
		};
/* End XCConfigurationList section */

/* Begin XCVersionGroup section */
		91E4366C1D21006D008CF27A /* CartDemo_Swift.xcdatamodeld */ = {
			isa = XCVersionGroup;
			children = (
				91E4366D1D21006D008CF27A /* CartDemo_Swift.xcdatamodel */,
			);
			currentVersion = 91E4366D1D21006D008CF27A /* CartDemo_Swift.xcdatamodel */;
			path = CartDemo_Swift.xcdatamodeld;
			sourceTree = "<group>";
			versionGroupType = wrapper.xcdatamodel;
		};
/* End XCVersionGroup section */
	};
	rootObject = 91E4365A1D21006D008CF27A /* Project object */;
}
